
Microsoft Visual Studio Solution File, Format Version 12.00
# Visual Studio Version 17
VisualStudioVersion = 17.4.33213.308
MinimumVisualStudioVersion = 10.0.40219.1
Project("{FAE04EC0-301F-11D3-BF4B-00C04F79EFBC}") = "ArraysWorkInProgress", "ArraysWorkInProgress.csproj", "{3F41F00E-F123-4FA0-94A9-650933C4607F}"
EndProject
Global
	GlobalSection(SolutionConfigurationPlatforms) = preSolution
		Debug|Any CPU = Debug|Any CPU
		Release|Any CPU = Release|Any CPU
	EndGlobalSection
	GlobalSection(ProjectConfigurationPlatforms) = postSolution
		{3F41F00E-F123-4FA0-94A9-650933C4607F}.Debug|Any CPU.ActiveCfg = Debug|Any CPU
		{3F41F00E-F123-4FA0-94A9-650933C4607F}.Debug|Any CPU.Build.0 = Debug|Any CPU
		{3F41F00E-F123-4FA0-94A9-650933C4607F}.Release|Any CPU.ActiveCfg = Release|Any CPU
		{3F41F00E-F123-4FA0-94A9-650933C4607F}.Release|Any CPU.Build.0 = Release|Any CPU
	EndGlobalSection
	GlobalSection(SolutionProperties) = preSolution
		HideSolutionNode = FALSE
	EndGlobalSection
	GlobalSection(ExtensibilityGlobals) = postSolution
		SolutionGuid = {FFF648D4-83FC-4E89-B0AF-880B7280F980}
	EndGlobalSection
EndGlobal
