
Microsoft Visual Studio Solution File, Format Version 12.00
# Visual Studio Version 17
VisualStudioVersion = 17.4.33213.308
MinimumVisualStudioVersion = 10.0.40219.1
Project("{FAE04EC0-301F-11D3-BF4B-00C04F79EFBC}") = "Test", "Test.csproj", "{CF721C12-CAED-4DBC-8755-2F64301076C7}"
EndProject
Global
	GlobalSection(SolutionConfigurationPlatforms) = preSolution
		Debug|Any CPU = Debug|Any CPU
		Release|Any CPU = Release|Any CPU
	EndGlobalSection
	GlobalSection(ProjectConfigurationPlatforms) = postSolution
		{CF721C12-CAED-4DBC-8755-2F64301076C7}.Debug|Any CPU.ActiveCfg = Debug|Any CPU
		{CF721C12-CAED-4DBC-8755-2F64301076C7}.Debug|Any CPU.Build.0 = Debug|Any CPU
		{CF721C12-CAED-4DBC-8755-2F64301076C7}.Release|Any CPU.ActiveCfg = Release|Any CPU
		{CF721C12-CAED-4DBC-8755-2F64301076C7}.Release|Any CPU.Build.0 = Release|Any CPU
	EndGlobalSection
	GlobalSection(SolutionProperties) = preSolution
		HideSolutionNode = FALSE
	EndGlobalSection
	GlobalSection(ExtensibilityGlobals) = postSolution
		SolutionGuid = {DE01E0C0-F80C-4A97-B0B9-513352A6C6DD}
	EndGlobalSection
EndGlobal
