
Microsoft Visual Studio Solution File, Format Version 12.00
# Visual Studio Version 17
VisualStudioVersion = 17.5.33516.290
MinimumVisualStudioVersion = 10.0.40219.1
Project("{FAE04EC0-301F-11D3-BF4B-00C04F79EFBC}") = "Serializacja2", "Serializacja2\Serializacja2.csproj", "{73859BC2-EA21-4162-864D-B99B90E36E67}"
EndProject
Global
	GlobalSection(SolutionConfigurationPlatforms) = preSolution
		Debug|Any CPU = Debug|Any CPU
		Release|Any CPU = Release|Any CPU
	EndGlobalSection
	GlobalSection(ProjectConfigurationPlatforms) = postSolution
		{73859BC2-EA21-4162-864D-B99B90E36E67}.Debug|Any CPU.ActiveCfg = Debug|Any CPU
		{73859BC2-EA21-4162-864D-B99B90E36E67}.Debug|Any CPU.Build.0 = Debug|Any CPU
		{73859BC2-EA21-4162-864D-B99B90E36E67}.Release|Any CPU.ActiveCfg = Release|Any CPU
		{73859BC2-EA21-4162-864D-B99B90E36E67}.Release|Any CPU.Build.0 = Release|Any CPU
	EndGlobalSection
	GlobalSection(SolutionProperties) = preSolution
		HideSolutionNode = FALSE
	EndGlobalSection
	GlobalSection(ExtensibilityGlobals) = postSolution
		SolutionGuid = {B86CF080-515F-4380-8DCE-AD15E1745F06}
	EndGlobalSection
EndGlobal
