
Microsoft Visual Studio Solution File, Format Version 12.00
# Visual Studio Version 17
VisualStudioVersion = 17.4.33213.308
MinimumVisualStudioVersion = 10.0.40219.1
Project("{FAE04EC0-301F-11D3-BF4B-00C04F79EFBC}") = "Lista", "Lista.csproj", "{0E25755B-D4F5-4673-8BAF-ED11617B3E4E}"
EndProject
Global
	GlobalSection(SolutionConfigurationPlatforms) = preSolution
		Debug|Any CPU = Debug|Any CPU
		Release|Any CPU = Release|Any CPU
	EndGlobalSection
	GlobalSection(ProjectConfigurationPlatforms) = postSolution
		{0E25755B-D4F5-4673-8BAF-ED11617B3E4E}.Debug|Any CPU.ActiveCfg = Debug|Any CPU
		{0E25755B-D4F5-4673-8BAF-ED11617B3E4E}.Debug|Any CPU.Build.0 = Debug|Any CPU
		{0E25755B-D4F5-4673-8BAF-ED11617B3E4E}.Release|Any CPU.ActiveCfg = Release|Any CPU
		{0E25755B-D4F5-4673-8BAF-ED11617B3E4E}.Release|Any CPU.Build.0 = Release|Any CPU
	EndGlobalSection
	GlobalSection(SolutionProperties) = preSolution
		HideSolutionNode = FALSE
	EndGlobalSection
	GlobalSection(ExtensibilityGlobals) = postSolution
		SolutionGuid = {10104FDD-A4AF-490D-959C-8F121835EB20}
	EndGlobalSection
EndGlobal
