
Microsoft Visual Studio Solution File, Format Version 12.00
# Visual Studio Version 17
VisualStudioVersion = 17.4.33403.182
MinimumVisualStudioVersion = 10.0.40219.1
Project("{FAE04EC0-301F-11D3-BF4B-00C04F79EFBC}") = "NormalList", "NormalList.csproj", "{F22A98E2-27DF-4B83-A707-3953A4D53884}"
EndProject
Global
	GlobalSection(SolutionConfigurationPlatforms) = preSolution
		Debug|Any CPU = Debug|Any CPU
		Release|Any CPU = Release|Any CPU
	EndGlobalSection
	GlobalSection(ProjectConfigurationPlatforms) = postSolution
		{F22A98E2-27DF-4B83-A707-3953A4D53884}.Debug|Any CPU.ActiveCfg = Debug|Any CPU
		{F22A98E2-27DF-4B83-A707-3953A4D53884}.Debug|Any CPU.Build.0 = Debug|Any CPU
		{F22A98E2-27DF-4B83-A707-3953A4D53884}.Release|Any CPU.ActiveCfg = Release|Any CPU
		{F22A98E2-27DF-4B83-A707-3953A4D53884}.Release|Any CPU.Build.0 = Release|Any CPU
	EndGlobalSection
	GlobalSection(SolutionProperties) = preSolution
		HideSolutionNode = FALSE
	EndGlobalSection
	GlobalSection(ExtensibilityGlobals) = postSolution
		SolutionGuid = {BA4CE4E1-6264-4DFE-991B-11AB8C2174F5}
	EndGlobalSection
EndGlobal
