
Microsoft Visual Studio Solution File, Format Version 12.00
# Visual Studio Version 17
VisualStudioVersion = 17.5.33516.290
MinimumVisualStudioVersion = 10.0.40219.1
Project("{FAE04EC0-301F-11D3-BF4B-00C04F79EFBC}") = "EnglishFlashCardProject", "EnglishFlashCardProject.csproj", "{D68A870C-01DB-484B-A871-B5DE6794A95C}"
EndProject
Global
	GlobalSection(SolutionConfigurationPlatforms) = preSolution
		Debug|Any CPU = Debug|Any CPU
		Release|Any CPU = Release|Any CPU
	EndGlobalSection
	GlobalSection(ProjectConfigurationPlatforms) = postSolution
		{D68A870C-01DB-484B-A871-B5DE6794A95C}.Debug|Any CPU.ActiveCfg = Debug|Any CPU
		{D68A870C-01DB-484B-A871-B5DE6794A95C}.Debug|Any CPU.Build.0 = Debug|Any CPU
		{D68A870C-01DB-484B-A871-B5DE6794A95C}.Release|Any CPU.ActiveCfg = Release|Any CPU
		{D68A870C-01DB-484B-A871-B5DE6794A95C}.Release|Any CPU.Build.0 = Release|Any CPU
	EndGlobalSection
	GlobalSection(SolutionProperties) = preSolution
		HideSolutionNode = FALSE
	EndGlobalSection
	GlobalSection(ExtensibilityGlobals) = postSolution
		SolutionGuid = {329ABF91-9636-43F5-9F01-AF0C566A79CB}
	EndGlobalSection
EndGlobal
