
Microsoft Visual Studio Solution File, Format Version 12.00
# Visual Studio Version 16
VisualStudioVersion = 16.0.31624.102
MinimumVisualStudioVersion = 10.0.40219.1
Project("{FAE04EC0-301F-11D3-BF4B-00C04F79EFBC}") = "Lekcja64", "Lekcja64\Lekcja64.csproj", "{742C31DD-982D-481E-8C4B-7425BD03B777}"
EndProject
Global
	GlobalSection(SolutionConfigurationPlatforms) = preSolution
		Debug|Any CPU = Debug|Any CPU
		Release|Any CPU = Release|Any CPU
	EndGlobalSection
	GlobalSection(ProjectConfigurationPlatforms) = postSolution
		{742C31DD-982D-481E-8C4B-7425BD03B777}.Debug|Any CPU.ActiveCfg = Debug|Any CPU
		{742C31DD-982D-481E-8C4B-7425BD03B777}.Debug|Any CPU.Build.0 = Debug|Any CPU
		{742C31DD-982D-481E-8C4B-7425BD03B777}.Release|Any CPU.ActiveCfg = Release|Any CPU
		{742C31DD-982D-481E-8C4B-7425BD03B777}.Release|Any CPU.Build.0 = Release|Any CPU
	EndGlobalSection
	GlobalSection(SolutionProperties) = preSolution
		HideSolutionNode = FALSE
	EndGlobalSection
	GlobalSection(ExtensibilityGlobals) = postSolution
		SolutionGuid = {46A343C3-7375-4938-8EA4-DC46192655F1}
	EndGlobalSection
EndGlobal
