
Microsoft Visual Studio Solution File, Format Version 12.00
# Visual Studio Version 17
VisualStudioVersion = 17.4.33213.308
MinimumVisualStudioVersion = 10.0.40219.1
Project("{FAE04EC0-301F-11D3-BF4B-00C04F79EFBC}") = "28styczniaklasy", "28styczniaklasy.csproj", "{D04D313B-0925-4FFF-87C4-FCCB94385BD2}"
EndProject
Global
	GlobalSection(SolutionConfigurationPlatforms) = preSolution
		Debug|Any CPU = Debug|Any CPU
		Release|Any CPU = Release|Any CPU
	EndGlobalSection
	GlobalSection(ProjectConfigurationPlatforms) = postSolution
		{D04D313B-0925-4FFF-87C4-FCCB94385BD2}.Debug|Any CPU.ActiveCfg = Debug|Any CPU
		{D04D313B-0925-4FFF-87C4-FCCB94385BD2}.Debug|Any CPU.Build.0 = Debug|Any CPU
		{D04D313B-0925-4FFF-87C4-FCCB94385BD2}.Release|Any CPU.ActiveCfg = Release|Any CPU
		{D04D313B-0925-4FFF-87C4-FCCB94385BD2}.Release|Any CPU.Build.0 = Release|Any CPU
	EndGlobalSection
	GlobalSection(SolutionProperties) = preSolution
		HideSolutionNode = FALSE
	EndGlobalSection
	GlobalSection(ExtensibilityGlobals) = postSolution
		SolutionGuid = {C632A759-D162-4AD6-B27A-C1DE00C9884F}
	EndGlobalSection
EndGlobal
