
Microsoft Visual Studio Solution File, Format Version 12.00
# Visual Studio Version 16
VisualStudioVersion = 16.0.31624.102
MinimumVisualStudioVersion = 10.0.40219.1
Project("{FAE04EC0-301F-11D3-BF4B-00C04F79EFBC}") = "Lekcja54", "Lekcja54\Lekcja54.csproj", "{7B6F178D-E423-4F48-8740-A802C4ADB5ED}"
EndProject
Global
	GlobalSection(SolutionConfigurationPlatforms) = preSolution
		Debug|Any CPU = Debug|Any CPU
		Release|Any CPU = Release|Any CPU
	EndGlobalSection
	GlobalSection(ProjectConfigurationPlatforms) = postSolution
		{7B6F178D-E423-4F48-8740-A802C4ADB5ED}.Debug|Any CPU.ActiveCfg = Debug|Any CPU
		{7B6F178D-E423-4F48-8740-A802C4ADB5ED}.Debug|Any CPU.Build.0 = Debug|Any CPU
		{7B6F178D-E423-4F48-8740-A802C4ADB5ED}.Release|Any CPU.ActiveCfg = Release|Any CPU
		{7B6F178D-E423-4F48-8740-A802C4ADB5ED}.Release|Any CPU.Build.0 = Release|Any CPU
	EndGlobalSection
	GlobalSection(SolutionProperties) = preSolution
		HideSolutionNode = FALSE
	EndGlobalSection
	GlobalSection(ExtensibilityGlobals) = postSolution
		SolutionGuid = {486A2005-E48E-485B-9E1A-D2F43E78DFA8}
	EndGlobalSection
EndGlobal
