
Microsoft Visual Studio Solution File, Format Version 12.00
# Visual Studio Version 16
VisualStudioVersion = 16.0.31624.102
MinimumVisualStudioVersion = 10.0.40219.1
Project("{FAE04EC0-301F-11D3-BF4B-00C04F79EFBC}") = "Lekcja41", "Lekcja41\Lekcja41.csproj", "{C75F74C4-8DC6-4649-9975-7823090D5020}"
EndProject
Global
	GlobalSection(SolutionConfigurationPlatforms) = preSolution
		Debug|Any CPU = Debug|Any CPU
		Release|Any CPU = Release|Any CPU
	EndGlobalSection
	GlobalSection(ProjectConfigurationPlatforms) = postSolution
		{C75F74C4-8DC6-4649-9975-7823090D5020}.Debug|Any CPU.ActiveCfg = Debug|Any CPU
		{C75F74C4-8DC6-4649-9975-7823090D5020}.Debug|Any CPU.Build.0 = Debug|Any CPU
		{C75F74C4-8DC6-4649-9975-7823090D5020}.Release|Any CPU.ActiveCfg = Release|Any CPU
		{C75F74C4-8DC6-4649-9975-7823090D5020}.Release|Any CPU.Build.0 = Release|Any CPU
	EndGlobalSection
	GlobalSection(SolutionProperties) = preSolution
		HideSolutionNode = FALSE
	EndGlobalSection
	GlobalSection(ExtensibilityGlobals) = postSolution
		SolutionGuid = {EA2BBBF6-3B03-46D8-BE07-CB501508035B}
	EndGlobalSection
EndGlobal
