
Microsoft Visual Studio Solution File, Format Version 12.00
# Visual Studio Version 17
VisualStudioVersion = 17.4.33403.182
MinimumVisualStudioVersion = 10.0.40219.1
Project("{FAE04EC0-301F-11D3-BF4B-00C04F79EFBC}") = "SimpleMenu", "SimpleMenu.csproj", "{45F41454-A15B-4A4E-B41C-2E2A2BB8C691}"
EndProject
Global
	GlobalSection(SolutionConfigurationPlatforms) = preSolution
		Debug|Any CPU = Debug|Any CPU
		Release|Any CPU = Release|Any CPU
	EndGlobalSection
	GlobalSection(ProjectConfigurationPlatforms) = postSolution
		{45F41454-A15B-4A4E-B41C-2E2A2BB8C691}.Debug|Any CPU.ActiveCfg = Debug|Any CPU
		{45F41454-A15B-4A4E-B41C-2E2A2BB8C691}.Debug|Any CPU.Build.0 = Debug|Any CPU
		{45F41454-A15B-4A4E-B41C-2E2A2BB8C691}.Release|Any CPU.ActiveCfg = Release|Any CPU
		{45F41454-A15B-4A4E-B41C-2E2A2BB8C691}.Release|Any CPU.Build.0 = Release|Any CPU
	EndGlobalSection
	GlobalSection(SolutionProperties) = preSolution
		HideSolutionNode = FALSE
	EndGlobalSection
	GlobalSection(ExtensibilityGlobals) = postSolution
		SolutionGuid = {7068FFDB-99BA-4B49-8FE9-2161F9B5B5F0}
	EndGlobalSection
EndGlobal
