
Microsoft Visual Studio Solution File, Format Version 12.00
# Visual Studio Version 16
VisualStudioVersion = 16.0.31624.102
MinimumVisualStudioVersion = 10.0.40219.1
Project("{FAE04EC0-301F-11D3-BF4B-00C04F79EFBC}") = "Lekcja35", "Lekcja35\Lekcja35.csproj", "{3E6F7E5B-0F2C-4B7C-AA91-3FD11B67A362}"
EndProject
Global
	GlobalSection(SolutionConfigurationPlatforms) = preSolution
		Debug|Any CPU = Debug|Any CPU
		Release|Any CPU = Release|Any CPU
	EndGlobalSection
	GlobalSection(ProjectConfigurationPlatforms) = postSolution
		{3E6F7E5B-0F2C-4B7C-AA91-3FD11B67A362}.Debug|Any CPU.ActiveCfg = Debug|Any CPU
		{3E6F7E5B-0F2C-4B7C-AA91-3FD11B67A362}.Debug|Any CPU.Build.0 = Debug|Any CPU
		{3E6F7E5B-0F2C-4B7C-AA91-3FD11B67A362}.Release|Any CPU.ActiveCfg = Release|Any CPU
		{3E6F7E5B-0F2C-4B7C-AA91-3FD11B67A362}.Release|Any CPU.Build.0 = Release|Any CPU
	EndGlobalSection
	GlobalSection(SolutionProperties) = preSolution
		HideSolutionNode = FALSE
	EndGlobalSection
	GlobalSection(ExtensibilityGlobals) = postSolution
		SolutionGuid = {6D72D7C3-31B1-4176-BE43-4F8906E6ABA7}
	EndGlobalSection
EndGlobal
