
Microsoft Visual Studio Solution File, Format Version 12.00
# Visual Studio Version 17
VisualStudioVersion = 17.5.33516.290
MinimumVisualStudioVersion = 10.0.40219.1
Project("{FAE04EC0-301F-11D3-BF4B-00C04F79EFBC}") = "HangManGame", "HangManGame.csproj", "{4C562774-807A-4E6F-9121-C61ECB6A26B3}"
EndProject
Global
	GlobalSection(SolutionConfigurationPlatforms) = preSolution
		Debug|Any CPU = Debug|Any CPU
		Release|Any CPU = Release|Any CPU
	EndGlobalSection
	GlobalSection(ProjectConfigurationPlatforms) = postSolution
		{4C562774-807A-4E6F-9121-C61ECB6A26B3}.Debug|Any CPU.ActiveCfg = Debug|Any CPU
		{4C562774-807A-4E6F-9121-C61ECB6A26B3}.Debug|Any CPU.Build.0 = Debug|Any CPU
		{4C562774-807A-4E6F-9121-C61ECB6A26B3}.Release|Any CPU.ActiveCfg = Release|Any CPU
		{4C562774-807A-4E6F-9121-C61ECB6A26B3}.Release|Any CPU.Build.0 = Release|Any CPU
	EndGlobalSection
	GlobalSection(SolutionProperties) = preSolution
		HideSolutionNode = FALSE
	EndGlobalSection
	GlobalSection(ExtensibilityGlobals) = postSolution
		SolutionGuid = {29A3B3BC-7B0A-4C11-94D1-9E26A60EC5F5}
	EndGlobalSection
EndGlobal
