
Microsoft Visual Studio Solution File, Format Version 12.00
# Visual Studio Version 17
VisualStudioVersion = 17.5.33516.290
MinimumVisualStudioVersion = 10.0.40219.1
Project("{FAE04EC0-301F-11D3-BF4B-00C04F79EFBC}") = "GameMemory", "GameMemory.csproj", "{4E570035-8CC9-4C04-BF1A-61CF67697538}"
EndProject
Global
	GlobalSection(SolutionConfigurationPlatforms) = preSolution
		Debug|Any CPU = Debug|Any CPU
		Release|Any CPU = Release|Any CPU
	EndGlobalSection
	GlobalSection(ProjectConfigurationPlatforms) = postSolution
		{4E570035-8CC9-4C04-BF1A-61CF67697538}.Debug|Any CPU.ActiveCfg = Debug|Any CPU
		{4E570035-8CC9-4C04-BF1A-61CF67697538}.Debug|Any CPU.Build.0 = Debug|Any CPU
		{4E570035-8CC9-4C04-BF1A-61CF67697538}.Release|Any CPU.ActiveCfg = Release|Any CPU
		{4E570035-8CC9-4C04-BF1A-61CF67697538}.Release|Any CPU.Build.0 = Release|Any CPU
	EndGlobalSection
	GlobalSection(SolutionProperties) = preSolution
		HideSolutionNode = FALSE
	EndGlobalSection
	GlobalSection(ExtensibilityGlobals) = postSolution
		SolutionGuid = {88021CE8-8FF0-4450-972A-5658F4703A1B}
	EndGlobalSection
EndGlobal
