
Microsoft Visual Studio Solution File, Format Version 12.00
# Visual Studio Version 17
VisualStudioVersion = 17.4.33213.308
MinimumVisualStudioVersion = 10.0.40219.1
Project("{FAE04EC0-301F-11D3-BF4B-00C04F79EFBC}") = "Test1", "Test1.csproj", "{A0709EE7-8236-4613-AE10-D58453553A81}"
EndProject
Global
	GlobalSection(SolutionConfigurationPlatforms) = preSolution
		Debug|Any CPU = Debug|Any CPU
		Release|Any CPU = Release|Any CPU
	EndGlobalSection
	GlobalSection(ProjectConfigurationPlatforms) = postSolution
		{A0709EE7-8236-4613-AE10-D58453553A81}.Debug|Any CPU.ActiveCfg = Debug|Any CPU
		{A0709EE7-8236-4613-AE10-D58453553A81}.Debug|Any CPU.Build.0 = Debug|Any CPU
		{A0709EE7-8236-4613-AE10-D58453553A81}.Release|Any CPU.ActiveCfg = Release|Any CPU
		{A0709EE7-8236-4613-AE10-D58453553A81}.Release|Any CPU.Build.0 = Release|Any CPU
	EndGlobalSection
	GlobalSection(SolutionProperties) = preSolution
		HideSolutionNode = FALSE
	EndGlobalSection
	GlobalSection(ExtensibilityGlobals) = postSolution
		SolutionGuid = {EFD1000C-396A-4F8B-A937-0DAD19B4305D}
	EndGlobalSection
EndGlobal
