
Microsoft Visual Studio Solution File, Format Version 12.00
# Visual Studio Version 16
VisualStudioVersion = 16.0.31624.102
MinimumVisualStudioVersion = 10.0.40219.1
Project("{FAE04EC0-301F-11D3-BF4B-00C04F79EFBC}") = "Lekcja50", "Lekcja50\Lekcja50.csproj", "{68B2DCF2-B0B0-45B1-9F36-93A5B3BCCE6C}"
EndProject
Global
	GlobalSection(SolutionConfigurationPlatforms) = preSolution
		Debug|Any CPU = Debug|Any CPU
		Release|Any CPU = Release|Any CPU
	EndGlobalSection
	GlobalSection(ProjectConfigurationPlatforms) = postSolution
		{68B2DCF2-B0B0-45B1-9F36-93A5B3BCCE6C}.Debug|Any CPU.ActiveCfg = Debug|Any CPU
		{68B2DCF2-B0B0-45B1-9F36-93A5B3BCCE6C}.Debug|Any CPU.Build.0 = Debug|Any CPU
		{68B2DCF2-B0B0-45B1-9F36-93A5B3BCCE6C}.Release|Any CPU.ActiveCfg = Release|Any CPU
		{68B2DCF2-B0B0-45B1-9F36-93A5B3BCCE6C}.Release|Any CPU.Build.0 = Release|Any CPU
	EndGlobalSection
	GlobalSection(SolutionProperties) = preSolution
		HideSolutionNode = FALSE
	EndGlobalSection
	GlobalSection(ExtensibilityGlobals) = postSolution
		SolutionGuid = {B9A5413B-82BC-4020-926B-C2AFF4258430}
	EndGlobalSection
EndGlobal
