
Microsoft Visual Studio Solution File, Format Version 12.00
# Visual Studio Version 17
VisualStudioVersion = 17.4.33403.182
MinimumVisualStudioVersion = 10.0.40219.1
Project("{FAE04EC0-301F-11D3-BF4B-00C04F79EFBC}") = "NowaLegitymacja", "NowaLegitymacja.csproj", "{D37F6011-9587-442E-92F0-ABCAFF4764CF}"
EndProject
Global
	GlobalSection(SolutionConfigurationPlatforms) = preSolution
		Debug|Any CPU = Debug|Any CPU
		Release|Any CPU = Release|Any CPU
	EndGlobalSection
	GlobalSection(ProjectConfigurationPlatforms) = postSolution
		{D37F6011-9587-442E-92F0-ABCAFF4764CF}.Debug|Any CPU.ActiveCfg = Debug|Any CPU
		{D37F6011-9587-442E-92F0-ABCAFF4764CF}.Debug|Any CPU.Build.0 = Debug|Any CPU
		{D37F6011-9587-442E-92F0-ABCAFF4764CF}.Release|Any CPU.ActiveCfg = Release|Any CPU
		{D37F6011-9587-442E-92F0-ABCAFF4764CF}.Release|Any CPU.Build.0 = Release|Any CPU
	EndGlobalSection
	GlobalSection(SolutionProperties) = preSolution
		HideSolutionNode = FALSE
	EndGlobalSection
	GlobalSection(ExtensibilityGlobals) = postSolution
		SolutionGuid = {10C3A49C-B7EC-415F-9530-D0D17601B11A}
	EndGlobalSection
EndGlobal
