
Microsoft Visual Studio Solution File, Format Version 12.00
# Visual Studio Version 17
VisualStudioVersion = 17.4.33213.308
MinimumVisualStudioVersion = 10.0.40219.1
Project("{FAE04EC0-301F-11D3-BF4B-00C04F79EFBC}") = "AppWoman", "AppWoman.csproj", "{1CE79B27-484B-4A6F-BCF3-9258729A10F8}"
EndProject
Global
	GlobalSection(SolutionConfigurationPlatforms) = preSolution
		Debug|Any CPU = Debug|Any CPU
		Release|Any CPU = Release|Any CPU
	EndGlobalSection
	GlobalSection(ProjectConfigurationPlatforms) = postSolution
		{1CE79B27-484B-4A6F-BCF3-9258729A10F8}.Debug|Any CPU.ActiveCfg = Debug|Any CPU
		{1CE79B27-484B-4A6F-BCF3-9258729A10F8}.Debug|Any CPU.Build.0 = Debug|Any CPU
		{1CE79B27-484B-4A6F-BCF3-9258729A10F8}.Release|Any CPU.ActiveCfg = Release|Any CPU
		{1CE79B27-484B-4A6F-BCF3-9258729A10F8}.Release|Any CPU.Build.0 = Release|Any CPU
	EndGlobalSection
	GlobalSection(SolutionProperties) = preSolution
		HideSolutionNode = FALSE
	EndGlobalSection
	GlobalSection(ExtensibilityGlobals) = postSolution
		SolutionGuid = {F203CE78-D323-4712-B07B-0F29FE2AB22D}
	EndGlobalSection
EndGlobal
