
Microsoft Visual Studio Solution File, Format Version 12.00
# Visual Studio Version 17
VisualStudioVersion = 17.5.33516.290
MinimumVisualStudioVersion = 10.0.40219.1
Project("{FAE04EC0-301F-11D3-BF4B-00C04F79EFBC}") = "CalculatorWPF", "CalculatorWPF.csproj", "{5ECCADB9-6CDE-4AEF-BD26-66D12046450A}"
EndProject
Global
	GlobalSection(SolutionConfigurationPlatforms) = preSolution
		Debug|Any CPU = Debug|Any CPU
		Release|Any CPU = Release|Any CPU
	EndGlobalSection
	GlobalSection(ProjectConfigurationPlatforms) = postSolution
		{5ECCADB9-6CDE-4AEF-BD26-66D12046450A}.Debug|Any CPU.ActiveCfg = Debug|Any CPU
		{5ECCADB9-6CDE-4AEF-BD26-66D12046450A}.Debug|Any CPU.Build.0 = Debug|Any CPU
		{5ECCADB9-6CDE-4AEF-BD26-66D12046450A}.Release|Any CPU.ActiveCfg = Release|Any CPU
		{5ECCADB9-6CDE-4AEF-BD26-66D12046450A}.Release|Any CPU.Build.0 = Release|Any CPU
	EndGlobalSection
	GlobalSection(SolutionProperties) = preSolution
		HideSolutionNode = FALSE
	EndGlobalSection
	GlobalSection(ExtensibilityGlobals) = postSolution
		SolutionGuid = {777A8DFA-4427-494B-8D03-6341DEC1B332}
	EndGlobalSection
EndGlobal
