
Microsoft Visual Studio Solution File, Format Version 12.00
# Visual Studio Version 16
VisualStudioVersion = 16.0.31624.102
MinimumVisualStudioVersion = 10.0.40219.1
Project("{FAE04EC0-301F-11D3-BF4B-00C04F79EFBC}") = "Lekcja38", "Lekcja38\Lekcja38.csproj", "{A683454D-CD2D-4883-947E-52175159ED54}"
EndProject
Global
	GlobalSection(SolutionConfigurationPlatforms) = preSolution
		Debug|Any CPU = Debug|Any CPU
		Release|Any CPU = Release|Any CPU
	EndGlobalSection
	GlobalSection(ProjectConfigurationPlatforms) = postSolution
		{A683454D-CD2D-4883-947E-52175159ED54}.Debug|Any CPU.ActiveCfg = Debug|Any CPU
		{A683454D-CD2D-4883-947E-52175159ED54}.Debug|Any CPU.Build.0 = Debug|Any CPU
		{A683454D-CD2D-4883-947E-52175159ED54}.Release|Any CPU.ActiveCfg = Release|Any CPU
		{A683454D-CD2D-4883-947E-52175159ED54}.Release|Any CPU.Build.0 = Release|Any CPU
	EndGlobalSection
	GlobalSection(SolutionProperties) = preSolution
		HideSolutionNode = FALSE
	EndGlobalSection
	GlobalSection(ExtensibilityGlobals) = postSolution
		SolutionGuid = {81EE028D-EB0D-4C88-B632-8BCFC30A6FC7}
	EndGlobalSection
EndGlobal
