
Microsoft Visual Studio Solution File, Format Version 12.00
# Visual Studio Version 17
VisualStudioVersion = 17.5.33516.290
MinimumVisualStudioVersion = 10.0.40219.1
Project("{FAE04EC0-301F-11D3-BF4B-00C04F79EFBC}") = "3MonthProject", "3MonthProject\3MonthProject.csproj", "{0324ADC3-0803-472E-9366-4F02D439AC2C}"
EndProject
Global
	GlobalSection(SolutionConfigurationPlatforms) = preSolution
		Debug|Any CPU = Debug|Any CPU
		Release|Any CPU = Release|Any CPU
	EndGlobalSection
	GlobalSection(ProjectConfigurationPlatforms) = postSolution
		{0324ADC3-0803-472E-9366-4F02D439AC2C}.Debug|Any CPU.ActiveCfg = Debug|Any CPU
		{0324ADC3-0803-472E-9366-4F02D439AC2C}.Debug|Any CPU.Build.0 = Debug|Any CPU
		{0324ADC3-0803-472E-9366-4F02D439AC2C}.Release|Any CPU.ActiveCfg = Release|Any CPU
		{0324ADC3-0803-472E-9366-4F02D439AC2C}.Release|Any CPU.Build.0 = Release|Any CPU
	EndGlobalSection
	GlobalSection(SolutionProperties) = preSolution
		HideSolutionNode = FALSE
	EndGlobalSection
	GlobalSection(ExtensibilityGlobals) = postSolution
		SolutionGuid = {6B6B3F94-A100-428E-96BF-AE3D16040C0C}
	EndGlobalSection
EndGlobal
