
Microsoft Visual Studio Solution File, Format Version 12.00
# Visual Studio Version 17
VisualStudioVersion = 17.4.33213.308
MinimumVisualStudioVersion = 10.0.40219.1
Project("{FAE04EC0-301F-11D3-BF4B-00C04F79EFBC}") = "needSomeCofee", "needSomeCofee.csproj", "{B0B78BF6-3FB4-4E30-8907-7D5D3F2DF5A3}"
EndProject
Global
	GlobalSection(SolutionConfigurationPlatforms) = preSolution
		Debug|Any CPU = Debug|Any CPU
		Release|Any CPU = Release|Any CPU
	EndGlobalSection
	GlobalSection(ProjectConfigurationPlatforms) = postSolution
		{B0B78BF6-3FB4-4E30-8907-7D5D3F2DF5A3}.Debug|Any CPU.ActiveCfg = Debug|Any CPU
		{B0B78BF6-3FB4-4E30-8907-7D5D3F2DF5A3}.Debug|Any CPU.Build.0 = Debug|Any CPU
		{B0B78BF6-3FB4-4E30-8907-7D5D3F2DF5A3}.Release|Any CPU.ActiveCfg = Release|Any CPU
		{B0B78BF6-3FB4-4E30-8907-7D5D3F2DF5A3}.Release|Any CPU.Build.0 = Release|Any CPU
	EndGlobalSection
	GlobalSection(SolutionProperties) = preSolution
		HideSolutionNode = FALSE
	EndGlobalSection
	GlobalSection(ExtensibilityGlobals) = postSolution
		SolutionGuid = {89C700C7-1821-4AB0-8C54-478CAE3B8E61}
	EndGlobalSection
EndGlobal
