
Microsoft Visual Studio Solution File, Format Version 12.00
# Visual Studio Version 16
VisualStudioVersion = 16.0.31624.102
MinimumVisualStudioVersion = 10.0.40219.1
Project("{FAE04EC0-301F-11D3-BF4B-00C04F79EFBC}") = "Lekcja9", "Lekcja9\Lekcja9.csproj", "{8D2B5C01-CEC6-4988-8D07-A3EC2A293957}"
EndProject
Global
	GlobalSection(SolutionConfigurationPlatforms) = preSolution
		Debug|Any CPU = Debug|Any CPU
		Release|Any CPU = Release|Any CPU
	EndGlobalSection
	GlobalSection(ProjectConfigurationPlatforms) = postSolution
		{8D2B5C01-CEC6-4988-8D07-A3EC2A293957}.Debug|Any CPU.ActiveCfg = Debug|Any CPU
		{8D2B5C01-CEC6-4988-8D07-A3EC2A293957}.Debug|Any CPU.Build.0 = Debug|Any CPU
		{8D2B5C01-CEC6-4988-8D07-A3EC2A293957}.Release|Any CPU.ActiveCfg = Release|Any CPU
		{8D2B5C01-CEC6-4988-8D07-A3EC2A293957}.Release|Any CPU.Build.0 = Release|Any CPU
	EndGlobalSection
	GlobalSection(SolutionProperties) = preSolution
		HideSolutionNode = FALSE
	EndGlobalSection
	GlobalSection(ExtensibilityGlobals) = postSolution
		SolutionGuid = {B0858F21-5E9C-4DCE-A397-C37467706C42}
	EndGlobalSection
EndGlobal
