
Microsoft Visual Studio Solution File, Format Version 12.00
# Visual Studio Version 17
VisualStudioVersion = 17.5.33516.290
MinimumVisualStudioVersion = 10.0.40219.1
Project("{FAE04EC0-301F-11D3-BF4B-00C04F79EFBC}") = "SzachownicaConsole", "SzachownicaConsole.csproj", "{F586F591-CC87-4971-AF96-C110A0465F11}"
EndProject
Global
	GlobalSection(SolutionConfigurationPlatforms) = preSolution
		Debug|Any CPU = Debug|Any CPU
		Release|Any CPU = Release|Any CPU
	EndGlobalSection
	GlobalSection(ProjectConfigurationPlatforms) = postSolution
		{F586F591-CC87-4971-AF96-C110A0465F11}.Debug|Any CPU.ActiveCfg = Debug|Any CPU
		{F586F591-CC87-4971-AF96-C110A0465F11}.Debug|Any CPU.Build.0 = Debug|Any CPU
		{F586F591-CC87-4971-AF96-C110A0465F11}.Release|Any CPU.ActiveCfg = Release|Any CPU
		{F586F591-CC87-4971-AF96-C110A0465F11}.Release|Any CPU.Build.0 = Release|Any CPU
	EndGlobalSection
	GlobalSection(SolutionProperties) = preSolution
		HideSolutionNode = FALSE
	EndGlobalSection
	GlobalSection(ExtensibilityGlobals) = postSolution
		SolutionGuid = {4483BCDA-87F5-4134-9F04-EA51AA452744}
	EndGlobalSection
EndGlobal
