
Microsoft Visual Studio Solution File, Format Version 12.00
# Visual Studio Version 17
VisualStudioVersion = 17.5.33424.131
MinimumVisualStudioVersion = 10.0.40219.1
Project("{FAE04EC0-301F-11D3-BF4B-00C04F79EFBC}") = "PracaDrobnica", "PracaDrobnica.csproj", "{1DEE0DF1-DAAC-4A9F-82F8-ADD2A047A090}"
EndProject
Global
	GlobalSection(SolutionConfigurationPlatforms) = preSolution
		Debug|Any CPU = Debug|Any CPU
		Release|Any CPU = Release|Any CPU
	EndGlobalSection
	GlobalSection(ProjectConfigurationPlatforms) = postSolution
		{1DEE0DF1-DAAC-4A9F-82F8-ADD2A047A090}.Debug|Any CPU.ActiveCfg = Debug|Any CPU
		{1DEE0DF1-DAAC-4A9F-82F8-ADD2A047A090}.Debug|Any CPU.Build.0 = Debug|Any CPU
		{1DEE0DF1-DAAC-4A9F-82F8-ADD2A047A090}.Release|Any CPU.ActiveCfg = Release|Any CPU
		{1DEE0DF1-DAAC-4A9F-82F8-ADD2A047A090}.Release|Any CPU.Build.0 = Release|Any CPU
	EndGlobalSection
	GlobalSection(SolutionProperties) = preSolution
		HideSolutionNode = FALSE
	EndGlobalSection
	GlobalSection(ExtensibilityGlobals) = postSolution
		SolutionGuid = {D4166EA4-ADEA-4EBB-92B6-490D54043E5F}
	EndGlobalSection
EndGlobal
