
Microsoft Visual Studio Solution File, Format Version 12.00
# Visual Studio Version 17
VisualStudioVersion = 17.4.33213.308
MinimumVisualStudioVersion = 10.0.40219.1
Project("{FAE04EC0-301F-11D3-BF4B-00C04F79EFBC}") = "Opponent", "Opponent.csproj", "{ED4C94C4-9C82-4EA3-B966-3F6943353FEC}"
EndProject
Global
	GlobalSection(SolutionConfigurationPlatforms) = preSolution
		Debug|Any CPU = Debug|Any CPU
		Release|Any CPU = Release|Any CPU
	EndGlobalSection
	GlobalSection(ProjectConfigurationPlatforms) = postSolution
		{ED4C94C4-9C82-4EA3-B966-3F6943353FEC}.Debug|Any CPU.ActiveCfg = Debug|Any CPU
		{ED4C94C4-9C82-4EA3-B966-3F6943353FEC}.Debug|Any CPU.Build.0 = Debug|Any CPU
		{ED4C94C4-9C82-4EA3-B966-3F6943353FEC}.Release|Any CPU.ActiveCfg = Release|Any CPU
		{ED4C94C4-9C82-4EA3-B966-3F6943353FEC}.Release|Any CPU.Build.0 = Release|Any CPU
	EndGlobalSection
	GlobalSection(SolutionProperties) = preSolution
		HideSolutionNode = FALSE
	EndGlobalSection
	GlobalSection(ExtensibilityGlobals) = postSolution
		SolutionGuid = {D81E9553-4284-444D-A459-03A0B58086CD}
	EndGlobalSection
EndGlobal
