
Microsoft Visual Studio Solution File, Format Version 12.00
# Visual Studio Version 16
VisualStudioVersion = 16.0.31624.102
MinimumVisualStudioVersion = 10.0.40219.1
Project("{FAE04EC0-301F-11D3-BF4B-00C04F79EFBC}") = "Lekcja69", "Lekcja69\Lekcja69.csproj", "{3AFC782D-CFD1-4D32-B6F1-CB4ACE9DA8A5}"
EndProject
Global
	GlobalSection(SolutionConfigurationPlatforms) = preSolution
		Debug|Any CPU = Debug|Any CPU
		Release|Any CPU = Release|Any CPU
	EndGlobalSection
	GlobalSection(ProjectConfigurationPlatforms) = postSolution
		{3AFC782D-CFD1-4D32-B6F1-CB4ACE9DA8A5}.Debug|Any CPU.ActiveCfg = Debug|Any CPU
		{3AFC782D-CFD1-4D32-B6F1-CB4ACE9DA8A5}.Debug|Any CPU.Build.0 = Debug|Any CPU
		{3AFC782D-CFD1-4D32-B6F1-CB4ACE9DA8A5}.Release|Any CPU.ActiveCfg = Release|Any CPU
		{3AFC782D-CFD1-4D32-B6F1-CB4ACE9DA8A5}.Release|Any CPU.Build.0 = Release|Any CPU
	EndGlobalSection
	GlobalSection(SolutionProperties) = preSolution
		HideSolutionNode = FALSE
	EndGlobalSection
	GlobalSection(ExtensibilityGlobals) = postSolution
		SolutionGuid = {DD04EF94-CAE4-4CC5-9ECC-FB33C8F4B3C1}
	EndGlobalSection
EndGlobal
