
Microsoft Visual Studio Solution File, Format Version 12.00
# Visual Studio Version 17
VisualStudioVersion = 17.5.33516.290
MinimumVisualStudioVersion = 10.0.40219.1
Project("{FAE04EC0-301F-11D3-BF4B-00C04F79EFBC}") = "SoloableContactBook", "SoloableContactBook.csproj", "{3A14F81C-00FB-4F9A-9BEE-1A188860C99E}"
EndProject
Global
	GlobalSection(SolutionConfigurationPlatforms) = preSolution
		Debug|Any CPU = Debug|Any CPU
		Release|Any CPU = Release|Any CPU
	EndGlobalSection
	GlobalSection(ProjectConfigurationPlatforms) = postSolution
		{3A14F81C-00FB-4F9A-9BEE-1A188860C99E}.Debug|Any CPU.ActiveCfg = Debug|Any CPU
		{3A14F81C-00FB-4F9A-9BEE-1A188860C99E}.Debug|Any CPU.Build.0 = Debug|Any CPU
		{3A14F81C-00FB-4F9A-9BEE-1A188860C99E}.Release|Any CPU.ActiveCfg = Release|Any CPU
		{3A14F81C-00FB-4F9A-9BEE-1A188860C99E}.Release|Any CPU.Build.0 = Release|Any CPU
	EndGlobalSection
	GlobalSection(SolutionProperties) = preSolution
		HideSolutionNode = FALSE
	EndGlobalSection
	GlobalSection(ExtensibilityGlobals) = postSolution
		SolutionGuid = {AD3C6F90-E717-4552-9492-DE9B5F34F094}
	EndGlobalSection
EndGlobal
