
Microsoft Visual Studio Solution File, Format Version 12.00
# Visual Studio Version 17
VisualStudioVersion = 17.4.33403.182
MinimumVisualStudioVersion = 10.0.40219.1
Project("{FAE04EC0-301F-11D3-BF4B-00C04F79EFBC}") = "LiczbyPodzielne", "LiczbyPodzielne.csproj", "{E6F7CDC4-F27D-4EA6-9699-D4E0075E7D43}"
EndProject
Global
	GlobalSection(SolutionConfigurationPlatforms) = preSolution
		Debug|Any CPU = Debug|Any CPU
		Release|Any CPU = Release|Any CPU
	EndGlobalSection
	GlobalSection(ProjectConfigurationPlatforms) = postSolution
		{E6F7CDC4-F27D-4EA6-9699-D4E0075E7D43}.Debug|Any CPU.ActiveCfg = Debug|Any CPU
		{E6F7CDC4-F27D-4EA6-9699-D4E0075E7D43}.Debug|Any CPU.Build.0 = Debug|Any CPU
		{E6F7CDC4-F27D-4EA6-9699-D4E0075E7D43}.Release|Any CPU.ActiveCfg = Release|Any CPU
		{E6F7CDC4-F27D-4EA6-9699-D4E0075E7D43}.Release|Any CPU.Build.0 = Release|Any CPU
	EndGlobalSection
	GlobalSection(SolutionProperties) = preSolution
		HideSolutionNode = FALSE
	EndGlobalSection
	GlobalSection(ExtensibilityGlobals) = postSolution
		SolutionGuid = {F44A881D-D321-4271-BDF7-73BF18462039}
	EndGlobalSection
EndGlobal
