
Microsoft Visual Studio Solution File, Format Version 12.00
# Visual Studio Version 17
VisualStudioVersion = 17.4.33403.182
MinimumVisualStudioVersion = 10.0.40219.1
Project("{FAE04EC0-301F-11D3-BF4B-00C04F79EFBC}") = "shortIF", "shortIF.csproj", "{08C6EA18-3183-444B-AA4D-DDA44D4854E3}"
EndProject
Global
	GlobalSection(SolutionConfigurationPlatforms) = preSolution
		Debug|Any CPU = Debug|Any CPU
		Release|Any CPU = Release|Any CPU
	EndGlobalSection
	GlobalSection(ProjectConfigurationPlatforms) = postSolution
		{08C6EA18-3183-444B-AA4D-DDA44D4854E3}.Debug|Any CPU.ActiveCfg = Debug|Any CPU
		{08C6EA18-3183-444B-AA4D-DDA44D4854E3}.Debug|Any CPU.Build.0 = Debug|Any CPU
		{08C6EA18-3183-444B-AA4D-DDA44D4854E3}.Release|Any CPU.ActiveCfg = Release|Any CPU
		{08C6EA18-3183-444B-AA4D-DDA44D4854E3}.Release|Any CPU.Build.0 = Release|Any CPU
	EndGlobalSection
	GlobalSection(SolutionProperties) = preSolution
		HideSolutionNode = FALSE
	EndGlobalSection
	GlobalSection(ExtensibilityGlobals) = postSolution
		SolutionGuid = {9894F0DE-BEA2-417F-B6E5-624E5D42996C}
	EndGlobalSection
EndGlobal
