
Microsoft Visual Studio Solution File, Format Version 12.00
# Visual Studio Version 17
VisualStudioVersion = 17.5.33516.290
MinimumVisualStudioVersion = 10.0.40219.1
Project("{FAE04EC0-301F-11D3-BF4B-00C04F79EFBC}") = "GameMemory6", "GameMemory6.csproj", "{BC1CC5EF-E3DE-4FEA-8BCA-E3CBADA10A58}"
EndProject
Global
	GlobalSection(SolutionConfigurationPlatforms) = preSolution
		Debug|Any CPU = Debug|Any CPU
		Release|Any CPU = Release|Any CPU
	EndGlobalSection
	GlobalSection(ProjectConfigurationPlatforms) = postSolution
		{BC1CC5EF-E3DE-4FEA-8BCA-E3CBADA10A58}.Debug|Any CPU.ActiveCfg = Debug|Any CPU
		{BC1CC5EF-E3DE-4FEA-8BCA-E3CBADA10A58}.Debug|Any CPU.Build.0 = Debug|Any CPU
		{BC1CC5EF-E3DE-4FEA-8BCA-E3CBADA10A58}.Release|Any CPU.ActiveCfg = Release|Any CPU
		{BC1CC5EF-E3DE-4FEA-8BCA-E3CBADA10A58}.Release|Any CPU.Build.0 = Release|Any CPU
	EndGlobalSection
	GlobalSection(SolutionProperties) = preSolution
		HideSolutionNode = FALSE
	EndGlobalSection
	GlobalSection(ExtensibilityGlobals) = postSolution
		SolutionGuid = {9C7F77D0-B0A3-4149-8002-EB00AC5DFB85}
	EndGlobalSection
EndGlobal
