
Microsoft Visual Studio Solution File, Format Version 12.00
# Visual Studio Version 16
VisualStudioVersion = 16.0.31624.102
MinimumVisualStudioVersion = 10.0.40219.1
Project("{FAE04EC0-301F-11D3-BF4B-00C04F79EFBC}") = "Lekcja49", "Lekcja49\Lekcja49.csproj", "{1DCD5017-2E55-49DC-867D-CEE3F74B0CDD}"
EndProject
Global
	GlobalSection(SolutionConfigurationPlatforms) = preSolution
		Debug|Any CPU = Debug|Any CPU
		Release|Any CPU = Release|Any CPU
	EndGlobalSection
	GlobalSection(ProjectConfigurationPlatforms) = postSolution
		{1DCD5017-2E55-49DC-867D-CEE3F74B0CDD}.Debug|Any CPU.ActiveCfg = Debug|Any CPU
		{1DCD5017-2E55-49DC-867D-CEE3F74B0CDD}.Debug|Any CPU.Build.0 = Debug|Any CPU
		{1DCD5017-2E55-49DC-867D-CEE3F74B0CDD}.Release|Any CPU.ActiveCfg = Release|Any CPU
		{1DCD5017-2E55-49DC-867D-CEE3F74B0CDD}.Release|Any CPU.Build.0 = Release|Any CPU
	EndGlobalSection
	GlobalSection(SolutionProperties) = preSolution
		HideSolutionNode = FALSE
	EndGlobalSection
	GlobalSection(ExtensibilityGlobals) = postSolution
		SolutionGuid = {851783A1-26AE-42C8-9592-85B0D4B4B367}
	EndGlobalSection
EndGlobal
