
Microsoft Visual Studio Solution File, Format Version 12.00
# Visual Studio Version 17
VisualStudioVersion = 17.4.33213.308
MinimumVisualStudioVersion = 10.0.40219.1
Project("{FAE04EC0-301F-11D3-BF4B-00C04F79EFBC}") = "Csharp", "Csharp\Csharp.csproj", "{937F800C-B163-42BB-A730-141C936218CA}"
EndProject
Global
	GlobalSection(SolutionConfigurationPlatforms) = preSolution
		Debug|Any CPU = Debug|Any CPU
		Release|Any CPU = Release|Any CPU
	EndGlobalSection
	GlobalSection(ProjectConfigurationPlatforms) = postSolution
		{937F800C-B163-42BB-A730-141C936218CA}.Debug|Any CPU.ActiveCfg = Debug|Any CPU
		{937F800C-B163-42BB-A730-141C936218CA}.Debug|Any CPU.Build.0 = Debug|Any CPU
		{937F800C-B163-42BB-A730-141C936218CA}.Release|Any CPU.ActiveCfg = Release|Any CPU
		{937F800C-B163-42BB-A730-141C936218CA}.Release|Any CPU.Build.0 = Release|Any CPU
	EndGlobalSection
	GlobalSection(SolutionProperties) = preSolution
		HideSolutionNode = FALSE
	EndGlobalSection
	GlobalSection(ExtensibilityGlobals) = postSolution
		SolutionGuid = {22617FC4-DDDF-4759-9386-2FB8E883EED1}
	EndGlobalSection
EndGlobal
