
Microsoft Visual Studio Solution File, Format Version 12.00
# Visual Studio Version 16
VisualStudioVersion = 16.0.31624.102
MinimumVisualStudioVersion = 10.0.40219.1
Project("{FAE04EC0-301F-11D3-BF4B-00C04F79EFBC}") = "Lekcja73", "Lekcja73\Lekcja73.csproj", "{4AEC7014-963F-4836-8411-C51C1FC80C76}"
EndProject
Global
	GlobalSection(SolutionConfigurationPlatforms) = preSolution
		Debug|Any CPU = Debug|Any CPU
		Release|Any CPU = Release|Any CPU
	EndGlobalSection
	GlobalSection(ProjectConfigurationPlatforms) = postSolution
		{4AEC7014-963F-4836-8411-C51C1FC80C76}.Debug|Any CPU.ActiveCfg = Debug|Any CPU
		{4AEC7014-963F-4836-8411-C51C1FC80C76}.Debug|Any CPU.Build.0 = Debug|Any CPU
		{4AEC7014-963F-4836-8411-C51C1FC80C76}.Release|Any CPU.ActiveCfg = Release|Any CPU
		{4AEC7014-963F-4836-8411-C51C1FC80C76}.Release|Any CPU.Build.0 = Release|Any CPU
	EndGlobalSection
	GlobalSection(SolutionProperties) = preSolution
		HideSolutionNode = FALSE
	EndGlobalSection
	GlobalSection(ExtensibilityGlobals) = postSolution
		SolutionGuid = {14309C36-5AE2-414C-9E53-FB653B797B88}
	EndGlobalSection
EndGlobal
