
Microsoft Visual Studio Solution File, Format Version 12.00
# Visual Studio Version 17
VisualStudioVersion = 17.4.33403.182
MinimumVisualStudioVersion = 10.0.40219.1
Project("{FAE04EC0-301F-11D3-BF4B-00C04F79EFBC}") = "OwnTask", "OwnTask.csproj", "{FBD9E88E-AD81-4119-B44A-BD887BD6B7EB}"
EndProject
Global
	GlobalSection(SolutionConfigurationPlatforms) = preSolution
		Debug|Any CPU = Debug|Any CPU
		Release|Any CPU = Release|Any CPU
	EndGlobalSection
	GlobalSection(ProjectConfigurationPlatforms) = postSolution
		{FBD9E88E-AD81-4119-B44A-BD887BD6B7EB}.Debug|Any CPU.ActiveCfg = Debug|Any CPU
		{FBD9E88E-AD81-4119-B44A-BD887BD6B7EB}.Debug|Any CPU.Build.0 = Debug|Any CPU
		{FBD9E88E-AD81-4119-B44A-BD887BD6B7EB}.Release|Any CPU.ActiveCfg = Release|Any CPU
		{FBD9E88E-AD81-4119-B44A-BD887BD6B7EB}.Release|Any CPU.Build.0 = Release|Any CPU
	EndGlobalSection
	GlobalSection(SolutionProperties) = preSolution
		HideSolutionNode = FALSE
	EndGlobalSection
	GlobalSection(ExtensibilityGlobals) = postSolution
		SolutionGuid = {D46639CA-6D68-4926-9E81-A6493E32E53E}
	EndGlobalSection
EndGlobal
