
Microsoft Visual Studio Solution File, Format Version 12.00
# Visual Studio Version 16
VisualStudioVersion = 16.0.31624.102
MinimumVisualStudioVersion = 10.0.40219.1
Project("{FAE04EC0-301F-11D3-BF4B-00C04F79EFBC}") = "Game", "Game\Game.csproj", "{A21288AB-D353-4564-A618-47F019BA415B}"
EndProject
Global
	GlobalSection(SolutionConfigurationPlatforms) = preSolution
		Debug|Any CPU = Debug|Any CPU
		Release|Any CPU = Release|Any CPU
	EndGlobalSection
	GlobalSection(ProjectConfigurationPlatforms) = postSolution
		{A21288AB-D353-4564-A618-47F019BA415B}.Debug|Any CPU.ActiveCfg = Debug|Any CPU
		{A21288AB-D353-4564-A618-47F019BA415B}.Debug|Any CPU.Build.0 = Debug|Any CPU
		{A21288AB-D353-4564-A618-47F019BA415B}.Release|Any CPU.ActiveCfg = Release|Any CPU
		{A21288AB-D353-4564-A618-47F019BA415B}.Release|Any CPU.Build.0 = Release|Any CPU
	EndGlobalSection
	GlobalSection(SolutionProperties) = preSolution
		HideSolutionNode = FALSE
	EndGlobalSection
	GlobalSection(ExtensibilityGlobals) = postSolution
		SolutionGuid = {0AD3ABB8-A468-44BD-BE74-FAD18FABC88E}
	EndGlobalSection
EndGlobal
