
Microsoft Visual Studio Solution File, Format Version 12.00
# Visual Studio Version 16
VisualStudioVersion = 16.0.31624.102
MinimumVisualStudioVersion = 10.0.40219.1
Project("{FAE04EC0-301F-11D3-BF4B-00C04F79EFBC}") = "Lekcja33", "Lekcja33\Lekcja33.csproj", "{0148485A-59E2-4290-9951-DD41B019171B}"
EndProject
Global
	GlobalSection(SolutionConfigurationPlatforms) = preSolution
		Debug|Any CPU = Debug|Any CPU
		Release|Any CPU = Release|Any CPU
	EndGlobalSection
	GlobalSection(ProjectConfigurationPlatforms) = postSolution
		{0148485A-59E2-4290-9951-DD41B019171B}.Debug|Any CPU.ActiveCfg = Debug|Any CPU
		{0148485A-59E2-4290-9951-DD41B019171B}.Debug|Any CPU.Build.0 = Debug|Any CPU
		{0148485A-59E2-4290-9951-DD41B019171B}.Release|Any CPU.ActiveCfg = Release|Any CPU
		{0148485A-59E2-4290-9951-DD41B019171B}.Release|Any CPU.Build.0 = Release|Any CPU
	EndGlobalSection
	GlobalSection(SolutionProperties) = preSolution
		HideSolutionNode = FALSE
	EndGlobalSection
	GlobalSection(ExtensibilityGlobals) = postSolution
		SolutionGuid = {D69FEC1D-AF9F-43DD-9C28-E6CFC0487642}
	EndGlobalSection
EndGlobal
