
Microsoft Visual Studio Solution File, Format Version 12.00
# Visual Studio Version 17
VisualStudioVersion = 17.5.33424.131
MinimumVisualStudioVersion = 10.0.40219.1
Project("{FAE04EC0-301F-11D3-BF4B-00C04F79EFBC}") = "DesktopCalculator", "DesktopCalculator.csproj", "{27887BC1-51E9-4232-B54E-8CEE4CB65937}"
EndProject
Global
	GlobalSection(SolutionConfigurationPlatforms) = preSolution
		Debug|Any CPU = Debug|Any CPU
		Release|Any CPU = Release|Any CPU
	EndGlobalSection
	GlobalSection(ProjectConfigurationPlatforms) = postSolution
		{27887BC1-51E9-4232-B54E-8CEE4CB65937}.Debug|Any CPU.ActiveCfg = Debug|Any CPU
		{27887BC1-51E9-4232-B54E-8CEE4CB65937}.Debug|Any CPU.Build.0 = Debug|Any CPU
		{27887BC1-51E9-4232-B54E-8CEE4CB65937}.Release|Any CPU.ActiveCfg = Release|Any CPU
		{27887BC1-51E9-4232-B54E-8CEE4CB65937}.Release|Any CPU.Build.0 = Release|Any CPU
	EndGlobalSection
	GlobalSection(SolutionProperties) = preSolution
		HideSolutionNode = FALSE
	EndGlobalSection
	GlobalSection(ExtensibilityGlobals) = postSolution
		SolutionGuid = {4098B7FE-8B5E-4FB0-99A1-5CB6DCC7E777}
	EndGlobalSection
EndGlobal
