
Microsoft Visual Studio Solution File, Format Version 12.00
# Visual Studio Version 17
VisualStudioVersion = 17.5.33516.290
MinimumVisualStudioVersion = 10.0.40219.1
Project("{FAE04EC0-301F-11D3-BF4B-00C04F79EFBC}") = "TetrisGameWindowsFormApp", "TetrisGameWindowsFormApp.csproj", "{7DD3D9F3-A419-4E1C-8636-337BAB3223F1}"
EndProject
Global
	GlobalSection(SolutionConfigurationPlatforms) = preSolution
		Debug|Any CPU = Debug|Any CPU
		Release|Any CPU = Release|Any CPU
	EndGlobalSection
	GlobalSection(ProjectConfigurationPlatforms) = postSolution
		{7DD3D9F3-A419-4E1C-8636-337BAB3223F1}.Debug|Any CPU.ActiveCfg = Debug|Any CPU
		{7DD3D9F3-A419-4E1C-8636-337BAB3223F1}.Debug|Any CPU.Build.0 = Debug|Any CPU
		{7DD3D9F3-A419-4E1C-8636-337BAB3223F1}.Release|Any CPU.ActiveCfg = Release|Any CPU
		{7DD3D9F3-A419-4E1C-8636-337BAB3223F1}.Release|Any CPU.Build.0 = Release|Any CPU
	EndGlobalSection
	GlobalSection(SolutionProperties) = preSolution
		HideSolutionNode = FALSE
	EndGlobalSection
	GlobalSection(ExtensibilityGlobals) = postSolution
		SolutionGuid = {DD844CF0-CB25-4456-8886-8C0B3EA52BA5}
	EndGlobalSection
EndGlobal
