
Microsoft Visual Studio Solution File, Format Version 12.00
# Visual Studio Version 16
VisualStudioVersion = 16.0.31624.102
MinimumVisualStudioVersion = 10.0.40219.1
Project("{FAE04EC0-301F-11D3-BF4B-00C04F79EFBC}") = "Lekcja75", "Lekcja75\Lekcja75.csproj", "{3FA90438-5FF0-4226-9CF2-E3753F410DC1}"
EndProject
Global
	GlobalSection(SolutionConfigurationPlatforms) = preSolution
		Debug|Any CPU = Debug|Any CPU
		Release|Any CPU = Release|Any CPU
	EndGlobalSection
	GlobalSection(ProjectConfigurationPlatforms) = postSolution
		{3FA90438-5FF0-4226-9CF2-E3753F410DC1}.Debug|Any CPU.ActiveCfg = Debug|Any CPU
		{3FA90438-5FF0-4226-9CF2-E3753F410DC1}.Debug|Any CPU.Build.0 = Debug|Any CPU
		{3FA90438-5FF0-4226-9CF2-E3753F410DC1}.Release|Any CPU.ActiveCfg = Release|Any CPU
		{3FA90438-5FF0-4226-9CF2-E3753F410DC1}.Release|Any CPU.Build.0 = Release|Any CPU
	EndGlobalSection
	GlobalSection(SolutionProperties) = preSolution
		HideSolutionNode = FALSE
	EndGlobalSection
	GlobalSection(ExtensibilityGlobals) = postSolution
		SolutionGuid = {0A73868E-DDE4-439E-93D5-42A0CD9FA3DD}
	EndGlobalSection
EndGlobal
