
Microsoft Visual Studio Solution File, Format Version 12.00
# Visual Studio Version 17
VisualStudioVersion = 17.5.33516.290
MinimumVisualStudioVersion = 10.0.40219.1
Project("{FAE04EC0-301F-11D3-BF4B-00C04F79EFBC}") = "Milionerzy", "Milionerzy\Milionerzy.csproj", "{F67FEB7B-463B-4089-A340-62BF7BEFF52F}"
EndProject
Global
	GlobalSection(SolutionConfigurationPlatforms) = preSolution
		Debug|Any CPU = Debug|Any CPU
		Release|Any CPU = Release|Any CPU
	EndGlobalSection
	GlobalSection(ProjectConfigurationPlatforms) = postSolution
		{F67FEB7B-463B-4089-A340-62BF7BEFF52F}.Debug|Any CPU.ActiveCfg = Debug|Any CPU
		{F67FEB7B-463B-4089-A340-62BF7BEFF52F}.Debug|Any CPU.Build.0 = Debug|Any CPU
		{F67FEB7B-463B-4089-A340-62BF7BEFF52F}.Release|Any CPU.ActiveCfg = Release|Any CPU
		{F67FEB7B-463B-4089-A340-62BF7BEFF52F}.Release|Any CPU.Build.0 = Release|Any CPU
	EndGlobalSection
	GlobalSection(SolutionProperties) = preSolution
		HideSolutionNode = FALSE
	EndGlobalSection
	GlobalSection(ExtensibilityGlobals) = postSolution
		SolutionGuid = {2285EE4D-D7CA-4096-B34E-3A442CA931B9}
	EndGlobalSection
EndGlobal
