
Microsoft Visual Studio Solution File, Format Version 12.00
# Visual Studio Version 17
VisualStudioVersion = 17.5.33516.290
MinimumVisualStudioVersion = 10.0.40219.1
Project("{FAE04EC0-301F-11D3-BF4B-00C04F79EFBC}") = "Xamarin.Android", "Xamarin.Android\Xamarin.Android.csproj", "{3CBDA7E8-65C7-4A5D-9C82-33DAB9B3283D}"
EndProject
Project("{FAE04EC0-301F-11D3-BF4B-00C04F79EFBC}") = "Xamarin", "Xamarin\Xamarin.csproj", "{4A1BF2EA-2E03-4396-AC7D-B361C106B7A6}"
EndProject
Global
	GlobalSection(SolutionConfigurationPlatforms) = preSolution
		Debug|Any CPU = Debug|Any CPU
		Release|Any CPU = Release|Any CPU
	EndGlobalSection
	GlobalSection(ProjectConfigurationPlatforms) = postSolution
		{3CBDA7E8-65C7-4A5D-9C82-33DAB9B3283D}.Debug|Any CPU.ActiveCfg = Debug|Any CPU
		{3CBDA7E8-65C7-4A5D-9C82-33DAB9B3283D}.Debug|Any CPU.Build.0 = Debug|Any CPU
		{3CBDA7E8-65C7-4A5D-9C82-33DAB9B3283D}.Debug|Any CPU.Deploy.0 = Debug|Any CPU
		{3CBDA7E8-65C7-4A5D-9C82-33DAB9B3283D}.Release|Any CPU.ActiveCfg = Release|Any CPU
		{3CBDA7E8-65C7-4A5D-9C82-33DAB9B3283D}.Release|Any CPU.Build.0 = Release|Any CPU
		{3CBDA7E8-65C7-4A5D-9C82-33DAB9B3283D}.Release|Any CPU.Deploy.0 = Release|Any CPU
		{4A1BF2EA-2E03-4396-AC7D-B361C106B7A6}.Debug|Any CPU.ActiveCfg = Debug|Any CPU
		{4A1BF2EA-2E03-4396-AC7D-B361C106B7A6}.Debug|Any CPU.Build.0 = Debug|Any CPU
		{4A1BF2EA-2E03-4396-AC7D-B361C106B7A6}.Debug|Any CPU.Deploy.0 = Debug|Any CPU
		{4A1BF2EA-2E03-4396-AC7D-B361C106B7A6}.Release|Any CPU.ActiveCfg = Release|Any CPU
		{4A1BF2EA-2E03-4396-AC7D-B361C106B7A6}.Release|Any CPU.Build.0 = Release|Any CPU
		{4A1BF2EA-2E03-4396-AC7D-B361C106B7A6}.Release|Any CPU.Deploy.0 = Release|Any CPU
	EndGlobalSection
	GlobalSection(SolutionProperties) = preSolution
		HideSolutionNode = FALSE
	EndGlobalSection
	GlobalSection(ExtensibilityGlobals) = postSolution
		SolutionGuid = {F14D24DD-5263-4EEE-9CF3-6669BDA78E48}
	EndGlobalSection
EndGlobal
