
Microsoft Visual Studio Solution File, Format Version 12.00
# Visual Studio Version 17
VisualStudioVersion = 17.4.33213.308
MinimumVisualStudioVersion = 10.0.40219.1
Project("{FAE04EC0-301F-11D3-BF4B-00C04F79EFBC}") = "MenuWindowsForm", "MenuWindowsForm.csproj", "{2D6BEA5C-754C-43E8-8916-19ECA0B83905}"
EndProject
Global
	GlobalSection(SolutionConfigurationPlatforms) = preSolution
		Debug|Any CPU = Debug|Any CPU
		Release|Any CPU = Release|Any CPU
	EndGlobalSection
	GlobalSection(ProjectConfigurationPlatforms) = postSolution
		{2D6BEA5C-754C-43E8-8916-19ECA0B83905}.Debug|Any CPU.ActiveCfg = Debug|Any CPU
		{2D6BEA5C-754C-43E8-8916-19ECA0B83905}.Debug|Any CPU.Build.0 = Debug|Any CPU
		{2D6BEA5C-754C-43E8-8916-19ECA0B83905}.Release|Any CPU.ActiveCfg = Release|Any CPU
		{2D6BEA5C-754C-43E8-8916-19ECA0B83905}.Release|Any CPU.Build.0 = Release|Any CPU
	EndGlobalSection
	GlobalSection(SolutionProperties) = preSolution
		HideSolutionNode = FALSE
	EndGlobalSection
	GlobalSection(ExtensibilityGlobals) = postSolution
		SolutionGuid = {0DFC146C-0508-43C1-8E07-B6DE6C765EE2}
	EndGlobalSection
EndGlobal
